
Microsoft Visual Studio Solution File, Format Version 12.00
# Visual Studio 15
VisualStudioVersion = 15.0.27130.2003
MinimumVisualStudioVersion = 10.0.40219.1
Project("{FAE04EC0-301F-11D3-BF4B-00C04F79EFBC}") = "app", "app\app.csproj", "{5FF281C2-214B-408F-AEC5-1916D8182892}"
EndProject
Project("{FAE04EC0-301F-11D3-BF4B-00C04F79EFBC}") = "bll", "bll\bll.csproj", "{F73F278D-F09D-4AB3-A003-A4F7A00D9C6D}"
EndProject
Project("{FAE04EC0-301F-11D3-BF4B-00C04F79EFBC}") = "unittests", "unittests\unittests.csproj", "{2A0D1D1D-5933-441A-B0BF-4E8A079866FB}"
EndProject
Global
	GlobalSection(SolutionConfigurationPlatforms) = preSolution
		Debug|Any CPU = Debug|Any CPU
		Release|Any CPU = Release|Any CPU
	EndGlobalSection
	GlobalSection(ProjectConfigurationPlatforms) = postSolution
		{5FF281C2-214B-408F-AEC5-1916D8182892}.Debug|Any CPU.ActiveCfg = Debug|Any CPU
		{5FF281C2-214B-408F-AEC5-1916D8182892}.Debug|Any CPU.Build.0 = Debug|Any CPU
		{5FF281C2-214B-408F-AEC5-1916D8182892}.Release|Any CPU.ActiveCfg = Release|Any CPU
		{5FF281C2-214B-408F-AEC5-1916D8182892}.Release|Any CPU.Build.0 = Release|Any CPU
		{F73F278D-F09D-4AB3-A003-A4F7A00D9C6D}.Debug|Any CPU.ActiveCfg = Debug|Any CPU
		{F73F278D-F09D-4AB3-A003-A4F7A00D9C6D}.Debug|Any CPU.Build.0 = Debug|Any CPU
		{F73F278D-F09D-4AB3-A003-A4F7A00D9C6D}.Release|Any CPU.ActiveCfg = Release|Any CPU
		{F73F278D-F09D-4AB3-A003-A4F7A00D9C6D}.Release|Any CPU.Build.0 = Release|Any CPU
		{2A0D1D1D-5933-441A-B0BF-4E8A079866FB}.Debug|Any CPU.ActiveCfg = Debug|Any CPU
		{2A0D1D1D-5933-441A-B0BF-4E8A079866FB}.Debug|Any CPU.Build.0 = Debug|Any CPU
		{2A0D1D1D-5933-441A-B0BF-4E8A079866FB}.Release|Any CPU.ActiveCfg = Release|Any CPU
		{2A0D1D1D-5933-441A-B0BF-4E8A079866FB}.Release|Any CPU.Build.0 = Release|Any CPU
	EndGlobalSection
	GlobalSection(SolutionProperties) = preSolution
		HideSolutionNode = FALSE
	EndGlobalSection
	GlobalSection(ExtensibilityGlobals) = postSolution
		SolutionGuid = {9E267CF1-2C04-4428-A565-2AAB4BEBE192}
	EndGlobalSection
EndGlobal
